
Microsoft Visual Studio Solution File, Format Version 12.00
# Visual Studio 15
VisualStudioVersion = 15.0.27004.2009
MinimumVisualStudioVersion = 10.0.40219.1
Project("{FAE04EC0-301F-11D3-BF4B-00C04F79EFBC}") = "DistributeLib", "DistributeLib.csproj", "{D301ECFD-C460-48C1-948C-2CCF298632D7}"
EndProject
Project("{FAE04EC0-301F-11D3-BF4B-00C04F79EFBC}") = "RunDistribute", "..\RunDistribute\RunDistribute.csproj", "{0FD02B7B-C9B8-4316-8B9F-FB9F08DB745A}"
EndProject
Global
	GlobalSection(SolutionConfigurationPlatforms) = preSolution
		Debug|Any CPU = Debug|Any CPU
		Release|Any CPU = Release|Any CPU
	EndGlobalSection
	GlobalSection(ProjectConfigurationPlatforms) = postSolution
		{D301ECFD-C460-48C1-948C-2CCF298632D7}.Debug|Any CPU.ActiveCfg = Debug|Any CPU
		{D301ECFD-C460-48C1-948C-2CCF298632D7}.Debug|Any CPU.Build.0 = Debug|Any CPU
		{D301ECFD-C460-48C1-948C-2CCF298632D7}.Release|Any CPU.ActiveCfg = Release|Any CPU
		{D301ECFD-C460-48C1-948C-2CCF298632D7}.Release|Any CPU.Build.0 = Release|Any CPU
		{0FD02B7B-C9B8-4316-8B9F-FB9F08DB745A}.Debug|Any CPU.ActiveCfg = Debug|Any CPU
		{0FD02B7B-C9B8-4316-8B9F-FB9F08DB745A}.Debug|Any CPU.Build.0 = Debug|Any CPU
		{0FD02B7B-C9B8-4316-8B9F-FB9F08DB745A}.Release|Any CPU.ActiveCfg = Release|Any CPU
		{0FD02B7B-C9B8-4316-8B9F-FB9F08DB745A}.Release|Any CPU.Build.0 = Release|Any CPU
	EndGlobalSection
	GlobalSection(SolutionProperties) = preSolution
		HideSolutionNode = FALSE
	EndGlobalSection
	GlobalSection(ExtensibilityGlobals) = postSolution
		SolutionGuid = {778E194E-BDAF-4656-A481-17B87EDF76B3}
	EndGlobalSection
EndGlobal
